// !$*UTF8*$!
{
	archiveVersion = 1;
	classes = {
	};
	objectVersion = 46;
	objects = {

/* Begin PBXBuildFile section */
		C66581AD1B73358800508C59 /* main.m in Sources */ = {isa = PBXBuildFile; fileRef = C66581AC1B73358800508C59 /* main.m */; };
		C66581B01B73358800508C59 /* AppDelegate.m in Sources */ = {isa = PBXBuildFile; fileRef = C66581AF1B73358800508C59 /* AppDelegate.m */; };
		C66581B31B73358800508C59 /* ViewController.m in Sources */ = {isa = PBXBuildFile; fileRef = C66581B21B73358800508C59 /* ViewController.m */; };
		C66581B61B73358800508C59 /* Main.storyboard in Resources */ = {isa = PBXBuildFile; fileRef = C66581B41B73358800508C59 /* Main.storyboard */; };
		C66581B81B73358800508C59 /* Images.xcassets in Resources */ = {isa = PBXBuildFile; fileRef = C66581B71B73358800508C59 /* Images.xcassets */; };
		C66581BB1B73358800508C59 /* LaunchScreen.xib in Resources */ = {isa = PBXBuildFile; fileRef = C66581B91B73358800508C59 /* LaunchScreen.xib */; };
		C66581C71B73358900508C59 /* RuntimeReachabilityTests.m in Sources */ = {isa = PBXBuildFile; fileRef = C66581C61B73358900508C59 /* RuntimeReachabilityTests.m */; };
/* End PBXBuildFile section */

/* Begin PBXContainerItemProxy section */
		C66581C11B73358900508C59 /* PBXContainerItemProxy */ = {
			isa = PBXContainerItemProxy;
			containerPortal = C665819F1B73358800508C59 /* Project object */;
			proxyType = 1;
			remoteGlobalIDString = C66581A61B73358800508C59;
			remoteInfo = RuntimeReachability;
		};
/* End PBXContainerItemProxy section */

/* Begin PBXFileReference section */
		C66581A71B73358800508C59 /* RuntimeReachability.app */ = {isa = PBXFileReference; explicitFileType = wrapper.application; includeInIndex = 0; path = RuntimeReachability.app; sourceTree = BUILT_PRODUCTS_DIR; };
		C66581AB1B73358800508C59 /* Info.plist */ = {isa = PBXFileReference; lastKnownFileType = text.plist.xml; path = Info.plist; sourceTree = "<group>"; };
		C66581AC1B73358800508C59 /* main.m */ = {isa = PBXFileReference; lastKnownFileType = sourcecode.c.objc; path = main.m; sourceTree = "<group>"; };
		C66581AE1B73358800508C59 /* AppDelegate.h */ = {isa = PBXFileReference; lastKnownFileType = sourcecode.c.h; path = AppDelegate.h; sourceTree = "<group>"; };
		C66581AF1B73358800508C59 /* AppDelegate.m */ = {isa = PBXFileReference; lastKnownFileType = sourcecode.c.objc; path = AppDelegate.m; sourceTree = "<group>"; };
		C66581B11B73358800508C59 /* ViewController.h */ = {isa = PBXFileReference; lastKnownFileType = sourcecode.c.h; path = ViewController.h; sourceTree = "<group>"; };
		C66581B21B73358800508C59 /* ViewController.m */ = {isa = PBXFileReference; lastKnownFileType = sourcecode.c.objc; path = ViewController.m; sourceTree = "<group>"; };
		C66581B51B73358800508C59 /* Base */ = {isa = PBXFileReference; lastKnownFileType = file.storyboard; name = Base; path = Base.lproj/Main.storyboard; sourceTree = "<group>"; };
		C66581B71B73358800508C59 /* Images.xcassets */ = {isa = PBXFileReference; lastKnownFileType = folder.assetcatalog; path = Images.xcassets; sourceTree = "<group>"; };
		C66581BA1B73358800508C59 /* Base */ = {isa = PBXFileReference; lastKnownFileType = file.xib; name = Base; path = Base.lproj/LaunchScreen.xib; sourceTree = "<group>"; };
		C66581C01B73358800508C59 /* RuntimeReachabilityTests.xctest */ = {isa = PBXFileReference; explicitFileType = wrapper.cfbundle; includeInIndex = 0; path = RuntimeReachabilityTests.xctest; sourceTree = BUILT_PRODUCTS_DIR; };
		C66581C51B73358900508C59 /* Info.plist */ = {isa = PBXFileReference; lastKnownFileType = text.plist.xml; path = Info.plist; sourceTree = "<group>"; };
		C66581C61B73358900508C59 /* RuntimeReachabilityTests.m */ = {isa = PBXFileReference; lastKnownFileType = sourcecode.c.objc; path = RuntimeReachabilityTests.m; sourceTree = "<group>"; };
/* End PBXFileReference section */

/* Begin PBXFrameworksBuildPhase section */
		C66581A41B73358800508C59 /* Frameworks */ = {
			isa = PBXFrameworksBuildPhase;
			buildActionMask = 2147483647;
			files = (
			);
			runOnlyForDeploymentPostprocessing = 0;
		};
		C66581BD1B73358800508C59 /* Frameworks */ = {
			isa = PBXFrameworksBuildPhase;
			buildActionMask = 2147483647;
			files = (
			);
			runOnlyForDeploymentPostprocessing = 0;
		};
/* End PBXFrameworksBuildPhase section */

/* Begin PBXGroup section */
		C665819E1B73358800508C59 = {
			isa = PBXGroup;
			children = (
				C66581A91B73358800508C59 /* RuntimeReachability */,
				C66581C31B73358900508C59 /* RuntimeReachabilityTests */,
				C66581A81B73358800508C59 /* Products */,
			);
			sourceTree = "<group>";
		};
		C66581A81B73358800508C59 /* Products */ = {
			isa = PBXGroup;
			children = (
				C66581A71B73358800508C59 /* RuntimeReachability.app */,
				C66581C01B73358800508C59 /* RuntimeReachabilityTests.xctest */,
			);
			name = Products;
			sourceTree = "<group>";
		};
		C66581A91B73358800508C59 /* RuntimeReachability */ = {
			isa = PBXGroup;
			children = (
				C66581AE1B73358800508C59 /* AppDelegate.h */,
				C66581AF1B73358800508C59 /* AppDelegate.m */,
				C66581B11B73358800508C59 /* ViewController.h */,
				C66581B21B73358800508C59 /* ViewController.m */,
				C66581B41B73358800508C59 /* Main.storyboard */,
				C66581B71B73358800508C59 /* Images.xcassets */,
				C66581B91B73358800508C59 /* LaunchScreen.xib */,
				C66581AA1B73358800508C59 /* Supporting Files */,
			);
			path = RuntimeReachability;
			sourceTree = "<group>";
		};
		C66581AA1B73358800508C59 /* Supporting Files */ = {
			isa = PBXGroup;
			children = (
				C66581AB1B73358800508C59 /* Info.plist */,
				C66581AC1B73358800508C59 /* main.m */,
			);
			name = "Supporting Files";
			sourceTree = "<group>";
		};
		C66581C31B73358900508C59 /* RuntimeReachabilityTests */ = {
			isa = PBXGroup;
			children = (
				C66581C61B73358900508C59 /* RuntimeReachabilityTests.m */,
				C66581C41B73358900508C59 /* Supporting Files */,
			);
			path = RuntimeReachabilityTests;
			sourceTree = "<group>";
		};
		C66581C41B73358900508C59 /* Supporting Files */ = {
			isa = PBXGroup;
			children = (
				C66581C51B73358900508C59 /* Info.plist */,
			);
			name = "Supporting Files";
			sourceTree = "<group>";
		};
/* End PBXGroup section */

/* Begin PBXNativeTarget section */
		C66581A61B73358800508C59 /* RuntimeReachability */ = {
			isa = PBXNativeTarget;
			buildConfigurationList = C66581CA1B73358900508C59 /* Build configuration list for PBXNativeTarget "RuntimeReachability" */;
			buildPhases = (
				C66581A31B73358800508C59 /* Sources */,
				C66581A41B73358800508C59 /* Frameworks */,
				C66581A51B73358800508C59 /* Resources */,
			);
			buildRules = (
			);
			dependencies = (
			);
			name = RuntimeReachability;
			productName = RuntimeReachability;
			productReference = C66581A71B73358800508C59 /* RuntimeReachability.app */;
			productType = "com.apple.product-type.application";
		};
		C66581BF1B73358800508C59 /* RuntimeReachabilityTests */ = {
			isa = PBXNativeTarget;
			buildConfigurationList = C66581CD1B73358900508C59 /* Build configuration list for PBXNativeTarget "RuntimeReachabilityTests" */;
			buildPhases = (
				C66581BC1B73358800508C59 /* Sources */,
				C66581BD1B73358800508C59 /* Frameworks */,
				C66581BE1B73358800508C59 /* Resources */,
			);
			buildRules = (
			);
			dependencies = (
				C66581C21B73358900508C59 /* PBXTargetDependency */,
			);
			name = RuntimeReachabilityTests;
			productName = RuntimeReachabilityTests;
			productReference = C66581C01B73358800508C59 /* RuntimeReachabilityTests.xctest */;
			productType = "com.apple.product-type.bundle.unit-test";
		};
/* End PBXNativeTarget section */

/* Begin PBXProject section */
		C665819F1B73358800508C59 /* Project object */ = {
			isa = PBXProject;
			attributes = {
				LastUpgradeCheck = 0640;
				ORGANIZATIONNAME = SuAnn;
				TargetAttributes = {
					C66581A61B73358800508C59 = {
						CreatedOnToolsVersion = 6.4;
					};
					C66581BF1B73358800508C59 = {
						CreatedOnToolsVersion = 6.4;
						TestTargetID = C66581A61B73358800508C59;
					};
				};
			};
			buildConfigurationList = C66581A21B73358800508C59 /* Build configuration list for PBXProject "RuntimeReachability" */;
			compatibilityVersion = "Xcode 3.2";
			developmentRegion = English;
			hasScannedForEncodings = 0;
			knownRegions = (
				en,
				Base,
			);
			mainGroup = C665819E1B73358800508C59;
			productRefGroup = C66581A81B73358800508C59 /* Products */;
			projectDirPath = "";
			projectRoot = "";
			targets = (
				C66581A61B73358800508C59 /* RuntimeReachability */,
				C66581BF1B73358800508C59 /* RuntimeReachabilityTests */,
			);
		};
/* End PBXProject section */

/* Begin PBXResourcesBuildPhase section */
		C66581A51B73358800508C59 /* Resources */ = {
			isa = PBXResourcesBuildPhase;
			buildActionMask = 2147483647;
			files = (
				C66581B61B73358800508C59 /* Main.storyboard in Resources */,
				C66581BB1B73358800508C59 /* LaunchScreen.xib in Resources */,
				C66581B81B73358800508C59 /* Images.xcassets in Resources */,
			);
			runOnlyForDeploymentPostprocessing = 0;
		};
		C66581BE1B73358800508C59 /* Resources */ = {
			isa = PBXResourcesBuildPhase;
			buildActionMask = 2147483647;
			files = (
			);
			runOnlyForDeploymentPostprocessing = 0;
		};
/* End PBXResourcesBuildPhase section */

/* Begin PBXSourcesBuildPhase section */
		C66581A31B73358800508C59 /* Sources */ = {
			isa = PBXSourcesBuildPhase;
			buildActionMask = 2147483647;
			files = (
				C66581B31B73358800508C59 /* ViewController.m in Sources */,
				C66581B01B73358800508C59 /* AppDelegate.m in Sources */,
				C66581AD1B73358800508C59 /* main.m in Sources */,
			);
			runOnlyForDeploymentPostprocessing = 0;
		};
		C66581BC1B73358800508C59 /* Sources */ = {
			isa = PBXSourcesBuildPhase;
			buildActionMask = 2147483647;
			files = (
				C66581C71B73358900508C59 /* RuntimeReachabilityTests.m in Sources */,
			);
			runOnlyForDeploymentPostprocessing = 0;
		};
/* End PBXSourcesBuildPhase section */

/* Begin PBXTargetDependency section */
		C66581C21B73358900508C59 /* PBXTargetDependency */ = {
			isa = PBXTargetDependency;
			target = C66581A61B73358800508C59 /* RuntimeReachability */;
			targetProxy = C66581C11B73358900508C59 /* PBXContainerItemProxy */;
		};
/* End PBXTargetDependency section */

/* Begin PBXVariantGroup section */
		C66581B41B73358800508C59 /* Main.storyboard */ = {
			isa = PBXVariantGroup;
			children = (
				C66581B51B73358800508C59 /* Base */,
			);
			name = Main.storyboard;
			sourceTree = "<group>";
		};
		C66581B91B73358800508C59 /* LaunchScreen.xib */ = {
			isa = PBXVariantGroup;
			children = (
				C66581BA1B73358800508C59 /* Base */,
			);
			name = LaunchScreen.xib;
			sourceTree = "<group>";
		};
/* End PBXVariantGroup section */

/* Begin XCBuildConfiguration section */
		C66581C81B73358900508C59 /* Debug */ = {
			isa = XCBuildConfiguration;
			buildSettings = {
				ALWAYS_SEARCH_USER_PATHS = NO;
				CLANG_CXX_LANGUAGE_STANDARD = "gnu++0x";
				CLANG_CXX_LIBRARY = "libc++";
				CLANG_ENABLE_MODULES = YES;
				CLANG_ENABLE_OBJC_ARC = YES;
				CLANG_WARN_BOOL_CONVERSION = YES;
				CLANG_WARN_CONSTANT_CONVERSION = YES;
				CLANG_WARN_DIRECT_OBJC_ISA_USAGE = YES_ERROR;
				CLANG_WARN_EMPTY_BODY = YES;
				CLANG_WARN_ENUM_CONVERSION = YES;
				CLANG_WARN_INT_CONVERSION = YES;
				CLANG_WARN_OBJC_ROOT_CLASS = YES_ERROR;
				CLANG_WARN_UNREACHABLE_CODE = YES;
				CLANG_WARN__DUPLICATE_METHOD_MATCH = YES;
				"CODE_SIGN_IDENTITY[sdk=iphoneos*]" = "iPhone Developer";
				COPY_PHASE_STRIP = NO;
				DEBUG_INFORMATION_FORMAT = "dwarf-with-dsym";
				ENABLE_STRICT_OBJC_MSGSEND = YES;
				GCC_C_LANGUAGE_STANDARD = gnu99;
				GCC_DYNAMIC_NO_PIC = NO;
				GCC_NO_COMMON_BLOCKS = YES;
				GCC_OPTIMIZATION_LEVEL = 0;
				GCC_PREPROCESSOR_DEFINITIONS = (
					"DEBUG=1",
					"$(inherited)",
				);
				GCC_SYMBOLS_PRIVATE_EXTERN = NO;
				GCC_WARN_64_TO_32_BIT_CONVERSION = YES;
				GCC_WARN_ABOUT_RETURN_TYPE = YES_ERROR;
				GCC_WARN_UNDECLARED_SELECTOR = YES;
				GCC_WARN_UNINITIALIZED_AUTOS = YES_AGGRESSIVE;
				GCC_WARN_UNUSED_FUNCTION = YES;
				GCC_WARN_UNUSED_VARIABLE = YES;
				IPHONEOS_DEPLOYMENT_TARGET = 8.4;
				MTL_ENABLE_DEBUG_INFO = YES;
				ONLY_ACTIVE_ARCH = YES;
				SDKROOT = iphoneos;
			};
			name = Debug;
		};
		C66581C91B73358900508C59 /* Release */ = {
			isa = XCBuildConfiguration;
			buildSettings = {
				ALWAYS_SEARCH_USER_PATHS = NO;
				CLANG_CXX_LANGUAGE_STANDARD = "gnu++0x";
				CLANG_CXX_LIBRARY = "libc++";
				CLANG_ENABLE_MODULES = YES;
				CLANG_ENABLE_OBJC_ARC = YES;
				CLANG_WARN_BOOL_CONVERSION = YES;
				CLANG_WARN_CONSTANT_CONVERSION = YES;
				CLANG_WARN_DIRECT_OBJC_ISA_USAGE = YES_ERROR;
				CLANG_WARN_EMPTY_BODY = YES;
				CLANG_WARN_ENUM_CONVERSION = YES;
				CLANG_WARN_INT_CONVERSION = YES;
				CLANG_WARN_OBJC_ROOT_CLASS = YES_ERROR;
				CLANG_WARN_UNREACHABLE_CODE = YES;
				CLANG_WARN__DUPLICATE_METHOD_MATCH = YES;
				"CODE_SIGN_IDENTITY[sdk=iphoneos*]" = "iPhone Developer";
				COPY_PHASE_STRIP = NO;
				DEBUG_INFORMATION_FORMAT = "dwarf-with-dsym";
				ENABLE_NS_ASSERTIONS = NO;
				ENABLE_STRICT_OBJC_MSGSEND = YES;
				GCC_C_LANGUAGE_STANDARD = gnu99;
				GCC_NO_COMMON_BLOCKS = YES;
				GCC_WARN_64_TO_32_BIT_CONVERSION = YES;
				GCC_WARN_ABOUT_RETURN_TYPE = YES_ERROR;
				GCC_WARN_UNDECLARED_SELECTOR = YES;
				GCC_WARN_UNINITIALIZED_AUTOS = YES_AGGRESSIVE;
				GCC_WARN_UNUSED_FUNCTION = YES;
				GCC_WARN_UNUSED_VARIABLE = YES;
				IPHONEOS_DEPLOYMENT_TARGET = 8.4;
				MTL_ENABLE_DEBUG_INFO = NO;
				SDKROOT = iphoneos;
				VALIDATE_PRODUCT = YES;
			};
			name = Release;
		};
		C66581CB1B73358900508C59 /* Debug */ = {
			isa = XCBuildConfiguration;
			buildSettings = {
				ASSETCATALOG_COMPILER_APPICON_NAME = AppIcon;
				INFOPLIST_FILE = RuntimeReachability/Info.plist;
				LD_RUNPATH_SEARCH_PATHS = "$(inherited) @executable_path/Frameworks";
				PRODUCT_NAME = "$(TARGET_NAME)";
			};
			name = Debug;
		};
		C66581CC1B73358900508C59 /* Release */ = {
			isa = XCBuildConfiguration;
			buildSettings = {
				ASSETCATALOG_COMPILER_APPICON_NAME = AppIcon;
				INFOPLIST_FILE = RuntimeReachability/Info.plist;
				LD_RUNPATH_SEARCH_PATHS = "$(inherited) @executable_path/Frameworks";
				PRODUCT_NAME = "$(TARGET_NAME)";
			};
			name = Release;
		};
		C66581CE1B73358900508C59 /* Debug */ = {
			isa = XCBuildConfiguration;
			buildSettings = {
				BUNDLE_LOADER = "$(TEST_HOST)";
				FRAMEWORK_SEARCH_PATHS = (
					"$(SDKROOT)/Developer/Library/Frameworks",
					"$(inherited)",
				);
				GCC_PREPROCESSOR_DEFINITIONS = (
					"DEBUG=1",
					"$(inherited)",
				);
				INFOPLIST_FILE = RuntimeReachabilityTests/Info.plist;
				LD_RUNPATH_SEARCH_PATHS = "$(inherited) @executable_path/Frameworks @loader_path/Frameworks";
				PRODUCT_NAME = "$(TARGET_NAME)";
				TEST_HOST = "$(BUILT_PRODUCTS_DIR)/RuntimeReachability.app/RuntimeReachability";
			};
			name = Debug;
		};
		C66581CF1B73358900508C59 /* Release */ = {
			isa = XCBuildConfiguration;
			buildSettings = {
				BUNDLE_LOADER = "$(TEST_HOST)";
				FRAMEWORK_SEARCH_PATHS = (
					"$(SDKROOT)/Developer/Library/Frameworks",
					"$(inherited)",
				);
				INFOPLIST_FILE = RuntimeReachabilityTests/Info.plist;
				LD_RUNPATH_SEARCH_PATHS = "$(inherited) @executable_path/Frameworks @loader_path/Frameworks";
				PRODUCT_NAME = "$(TARGET_NAME)";
				TEST_HOST = "$(BUILT_PRODUCTS_DIR)/RuntimeReachability.app/RuntimeReachability";
			};
			name = Release;
		};
/* End XCBuildConfiguration section */

/* Begin XCConfigurationList section */
		C66581A21B73358800508C59 /* Build configuration list for PBXProject "RuntimeReachability" */ = {
			isa = XCConfigurationList;
			buildConfigurations = (
				C66581C81B73358900508C59 /* Debug */,
				C66581C91B73358900508C59 /* Release */,
			);
			defaultConfigurationIsVisible = 0;
			defaultConfigurationName = Release;
		};
		C66581CA1B73358900508C59 /* Build configuration list for PBXNativeTarget "RuntimeReachability" */ = {
			isa = XCConfigurationList;
			buildConfigurations = (
				C66581CB1B73358900508C59 /* Debug */,
				C66581CC1B73358900508C59 /* Release */,
			);
			defaultConfigurationIsVisible = 0;
		};
		C66581CD1B73358900508C59 /* Build configuration list for PBXNativeTarget "RuntimeReachabilityTests" */ = {
			isa = XCConfigurationList;
			buildConfigurations = (
				C66581CE1B73358900508C59 /* Debug */,
				C66581CF1B73358900508C59 /* Release */,
			);
			defaultConfigurationIsVisible = 0;
		};
/* End XCConfigurationList section */
	};
	rootObject = C665819F1B73358800508C59 /* Project object */;
}
